
Microsoft Visual Studio Solution File, Format Version 12.00
# Visual Studio Version 17
VisualStudioVersion = 17.10.35122.118
MinimumVisualStudioVersion = 10.0.40219.1
Project("{FAE04EC0-301F-11D3-BF4B-00C04F79EFBC}") = "ColaborativoGit", "ColaborativoGit\ColaborativoGit.csproj", "{B54E82A8-7171-4188-ACCA-509DF683F9AE}"
EndProject
Global
	GlobalSection(SolutionConfigurationPlatforms) = preSolution
		Debug|Any CPU = Debug|Any CPU
		Release|Any CPU = Release|Any CPU
	EndGlobalSection
	GlobalSection(ProjectConfigurationPlatforms) = postSolution
		{B54E82A8-7171-4188-ACCA-509DF683F9AE}.Debug|Any CPU.ActiveCfg = Debug|Any CPU
		{B54E82A8-7171-4188-ACCA-509DF683F9AE}.Debug|Any CPU.Build.0 = Debug|Any CPU
		{B54E82A8-7171-4188-ACCA-509DF683F9AE}.Release|Any CPU.ActiveCfg = Release|Any CPU
		{B54E82A8-7171-4188-ACCA-509DF683F9AE}.Release|Any CPU.Build.0 = Release|Any CPU
	EndGlobalSection
	GlobalSection(SolutionProperties) = preSolution
		HideSolutionNode = FALSE
	EndGlobalSection
	GlobalSection(ExtensibilityGlobals) = postSolution
		SolutionGuid = {665BD537-D5D4-43BC-B1AF-005CDC3906BD}
	EndGlobalSection
EndGlobal
